// !$*UTF8*$!
{
	archiveVersion = 1;
	classes = {
	};
	objectVersion = 50;
	objects = {

/* Begin PBXBuildFile section */
		693E38C4263BBD7A003B7C96 /* CityCell.swift in Sources */ = {isa = PBXBuildFile; fileRef = 693E38C3263BBD7A003B7C96 /* CityCell.swift */; };
		693E38C6263BBD95003B7C96 /* CityCellViewModel.swift in Sources */ = {isa = PBXBuildFile; fileRef = 693E38C5263BBD95003B7C96 /* CityCellViewModel.swift */; };
		693E38C9263BC17F003B7C96 /* MainViewModel.swift in Sources */ = {isa = PBXBuildFile; fileRef = 693E38C8263BC17F003B7C96 /* MainViewModel.swift */; };
		693E38CC263BDE8E003B7C96 /* DetailViewModel.swift in Sources */ = {isa = PBXBuildFile; fileRef = 693E38CB263BDE8E003B7C96 /* DetailViewModel.swift */; };
		697AB39226394179004798D0 /* AppDelegate.swift in Sources */ = {isa = PBXBuildFile; fileRef = 697AB39126394179004798D0 /* AppDelegate.swift */; };
		697AB39426394179004798D0 /* SceneDelegate.swift in Sources */ = {isa = PBXBuildFile; fileRef = 697AB39326394179004798D0 /* SceneDelegate.swift */; };
		697AB39626394179004798D0 /* DetailViewController.swift in Sources */ = {isa = PBXBuildFile; fileRef = 697AB39526394179004798D0 /* DetailViewController.swift */; };
		697AB39926394179004798D0 /* Main.storyboard in Resources */ = {isa = PBXBuildFile; fileRef = 697AB39726394179004798D0 /* Main.storyboard */; };
		697AB39B2639417F004798D0 /* Assets.xcassets in Resources */ = {isa = PBXBuildFile; fileRef = 697AB39A2639417F004798D0 /* Assets.xcassets */; };
		697AB39E2639417F004798D0 /* LaunchScreen.storyboard in Resources */ = {isa = PBXBuildFile; fileRef = 697AB39C2639417F004798D0 /* LaunchScreen.storyboard */; };
		697AB3B02639438E004798D0 /* MainTableViewController.swift in Sources */ = {isa = PBXBuildFile; fileRef = 697AB3AF2639438E004798D0 /* MainTableViewController.swift */; };
		697AB3B526396F92004798D0 /* NetworkManager.swift in Sources */ = {isa = PBXBuildFile; fileRef = 697AB3B426396F92004798D0 /* NetworkManager.swift */; };
		697AB3B926396FCC004798D0 /* Coordinates2D.swift in Sources */ = {isa = PBXBuildFile; fileRef = 697AB3B826396FCC004798D0 /* Coordinates2D.swift */; };
		697AB3BC26397005004798D0 /* YandexWeatherData.swift in Sources */ = {isa = PBXBuildFile; fileRef = 697AB3BB26397005004798D0 /* YandexWeatherData.swift */; };
		697AB3BF26397352004798D0 /* LocationManager.swift in Sources */ = {isa = PBXBuildFile; fileRef = 697AB3BE26397352004798D0 /* LocationManager.swift */; };
		697AB3C2263974D4004798D0 /* DataManager.swift in Sources */ = {isa = PBXBuildFile; fileRef = 697AB3C1263974D4004798D0 /* DataManager.swift */; };
		69A8A1AB264124DC00BD100D /* HourCell.swift in Sources */ = {isa = PBXBuildFile; fileRef = 69A8A1AA264124DC00BD100D /* HourCell.swift */; };
		69A8A1AD264124EF00BD100D /* HourViewModel.swift in Sources */ = {isa = PBXBuildFile; fileRef = 69A8A1AC264124EF00BD100D /* HourViewModel.swift */; };
		69A8A1AF2641250600BD100D /* DayOfTheWeekCell.swift in Sources */ = {isa = PBXBuildFile; fileRef = 69A8A1AE2641250600BD100D /* DayOfTheWeekCell.swift */; };
		69A8A1B12641251D00BD100D /* DayOfTheWeekViewModel.swift in Sources */ = {isa = PBXBuildFile; fileRef = 69A8A1B02641251D00BD100D /* DayOfTheWeekViewModel.swift */; };
		69A8A1B32641281C00BD100D /* DayOfTheWeek.swift in Sources */ = {isa = PBXBuildFile; fileRef = 69A8A1B22641281C00BD100D /* DayOfTheWeek.swift */; };
/* End PBXBuildFile section */

/* Begin PBXFileReference section */
		693E38C3263BBD7A003B7C96 /* CityCell.swift */ = {isa = PBXFileReference; lastKnownFileType = sourcecode.swift; path = CityCell.swift; sourceTree = "<group>"; };
		693E38C5263BBD95003B7C96 /* CityCellViewModel.swift */ = {isa = PBXFileReference; lastKnownFileType = sourcecode.swift; path = CityCellViewModel.swift; sourceTree = "<group>"; };
		693E38C8263BC17F003B7C96 /* MainViewModel.swift */ = {isa = PBXFileReference; lastKnownFileType = sourcecode.swift; path = MainViewModel.swift; sourceTree = "<group>"; };
		693E38CB263BDE8E003B7C96 /* DetailViewModel.swift */ = {isa = PBXFileReference; lastKnownFileType = sourcecode.swift; path = DetailViewModel.swift; sourceTree = "<group>"; };
		697AB38E26394179004798D0 /* YandexWeatherAPI.app */ = {isa = PBXFileReference; explicitFileType = wrapper.application; includeInIndex = 0; path = YandexWeatherAPI.app; sourceTree = BUILT_PRODUCTS_DIR; };
		697AB39126394179004798D0 /* AppDelegate.swift */ = {isa = PBXFileReference; lastKnownFileType = sourcecode.swift; path = AppDelegate.swift; sourceTree = "<group>"; };
		697AB39326394179004798D0 /* SceneDelegate.swift */ = {isa = PBXFileReference; lastKnownFileType = sourcecode.swift; path = SceneDelegate.swift; sourceTree = "<group>"; };
		697AB39526394179004798D0 /* DetailViewController.swift */ = {isa = PBXFileReference; lastKnownFileType = sourcecode.swift; path = DetailViewController.swift; sourceTree = "<group>"; };
		697AB39826394179004798D0 /* Base */ = {isa = PBXFileReference; lastKnownFileType = file.storyboard; name = Base; path = Base.lproj/Main.storyboard; sourceTree = "<group>"; };
		697AB39A2639417F004798D0 /* Assets.xcassets */ = {isa = PBXFileReference; lastKnownFileType = folder.assetcatalog; path = Assets.xcassets; sourceTree = "<group>"; };
		697AB39D2639417F004798D0 /* Base */ = {isa = PBXFileReference; lastKnownFileType = file.storyboard; name = Base; path = Base.lproj/LaunchScreen.storyboard; sourceTree = "<group>"; };
		697AB39F2639417F004798D0 /* Info.plist */ = {isa = PBXFileReference; lastKnownFileType = text.plist.xml; path = Info.plist; sourceTree = "<group>"; };
		697AB3AF2639438E004798D0 /* MainTableViewController.swift */ = {isa = PBXFileReference; lastKnownFileType = sourcecode.swift; path = MainTableViewController.swift; sourceTree = "<group>"; };
		697AB3B426396F92004798D0 /* NetworkManager.swift */ = {isa = PBXFileReference; lastKnownFileType = sourcecode.swift; path = NetworkManager.swift; sourceTree = "<group>"; };
		697AB3B826396FCC004798D0 /* Coordinates2D.swift */ = {isa = PBXFileReference; lastKnownFileType = sourcecode.swift; path = Coordinates2D.swift; sourceTree = "<group>"; };
		697AB3BB26397005004798D0 /* YandexWeatherData.swift */ = {isa = PBXFileReference; lastKnownFileType = sourcecode.swift; path = YandexWeatherData.swift; sourceTree = "<group>"; };
		697AB3BE26397352004798D0 /* LocationManager.swift */ = {isa = PBXFileReference; lastKnownFileType = sourcecode.swift; path = LocationManager.swift; sourceTree = "<group>"; };
		697AB3C1263974D4004798D0 /* DataManager.swift */ = {isa = PBXFileReference; lastKnownFileType = sourcecode.swift; path = DataManager.swift; sourceTree = "<group>"; };
		69A8A1AA264124DC00BD100D /* HourCell.swift */ = {isa = PBXFileReference; lastKnownFileType = sourcecode.swift; path = HourCell.swift; sourceTree = "<group>"; };
		69A8A1AC264124EF00BD100D /* HourViewModel.swift */ = {isa = PBXFileReference; lastKnownFileType = sourcecode.swift; path = HourViewModel.swift; sourceTree = "<group>"; };
		69A8A1AE2641250600BD100D /* DayOfTheWeekCell.swift */ = {isa = PBXFileReference; lastKnownFileType = sourcecode.swift; path = DayOfTheWeekCell.swift; sourceTree = "<group>"; };
		69A8A1B02641251D00BD100D /* DayOfTheWeekViewModel.swift */ = {isa = PBXFileReference; lastKnownFileType = sourcecode.swift; path = DayOfTheWeekViewModel.swift; sourceTree = "<group>"; };
		69A8A1B22641281C00BD100D /* DayOfTheWeek.swift */ = {isa = PBXFileReference; lastKnownFileType = sourcecode.swift; path = DayOfTheWeek.swift; sourceTree = "<group>"; };
/* End PBXFileReference section */

/* Begin PBXFrameworksBuildPhase section */
		697AB38B26394179004798D0 /* Frameworks */ = {
			isa = PBXFrameworksBuildPhase;
			buildActionMask = 2147483647;
			files = (
			);
			runOnlyForDeploymentPostprocessing = 0;
		};
/* End PBXFrameworksBuildPhase section */

/* Begin PBXGroup section */
		693E38C0263BBCB5003B7C96 /* Cells */ = {
			isa = PBXGroup;
			children = (
				693E38C2263BBD51003B7C96 /* City */,
				69A8A1A82641248200BD100D /* Hour */,
				69A8A1A92641248E00BD100D /* DayOfTheWeek */,
			);
			path = Cells;
			sourceTree = "<group>";
		};
		693E38C1263BBD02003B7C96 /* Storyboards */ = {
			isa = PBXGroup;
			children = (
				697AB39726394179004798D0 /* Main.storyboard */,
				697AB39C2639417F004798D0 /* LaunchScreen.storyboard */,
			);
			path = Storyboards;
			sourceTree = "<group>";
		};
		693E38C2263BBD51003B7C96 /* City */ = {
			isa = PBXGroup;
			children = (
				693E38C3263BBD7A003B7C96 /* CityCell.swift */,
				693E38C5263BBD95003B7C96 /* CityCellViewModel.swift */,
			);
			path = City;
			sourceTree = "<group>";
		};
		693E38C7263BC164003B7C96 /* Main */ = {
			isa = PBXGroup;
			children = (
				697AB3AF2639438E004798D0 /* MainTableViewController.swift */,
				693E38C8263BC17F003B7C96 /* MainViewModel.swift */,
			);
			path = Main;
			sourceTree = "<group>";
		};
		693E38CA263BD3F0003B7C96 /* Detail */ = {
			isa = PBXGroup;
			children = (
				697AB39526394179004798D0 /* DetailViewController.swift */,
				693E38CB263BDE8E003B7C96 /* DetailViewModel.swift */,
			);
			path = Detail;
			sourceTree = "<group>";
		};
		693E38CD263BE138003B7C96 /* Managers */ = {
			isa = PBXGroup;
			children = (
				697AB3B426396F92004798D0 /* NetworkManager.swift */,
				697AB3BE26397352004798D0 /* LocationManager.swift */,
				697AB3C1263974D4004798D0 /* DataManager.swift */,
			);
			path = Managers;
			sourceTree = "<group>";
		};
		693E38CE263BE14B003B7C96 /* Helpers */ = {
			isa = PBXGroup;
			children = (
				69A8A1B22641281C00BD100D /* DayOfTheWeek.swift */,
			);
			path = Helpers;
			sourceTree = "<group>";
		};
		697AB38526394179004798D0 = {
			isa = PBXGroup;
			children = (
				697AB39026394179004798D0 /* YandexWeatherAPI */,
				697AB38F26394179004798D0 /* Products */,
			);
			sourceTree = "<group>";
		};
		697AB38F26394179004798D0 /* Products */ = {
			isa = PBXGroup;
			children = (
				697AB38E26394179004798D0 /* YandexWeatherAPI.app */,
			);
			name = Products;
			sourceTree = "<group>";
		};
		697AB39026394179004798D0 /* YandexWeatherAPI */ = {
			isa = PBXGroup;
			children = (
				697AB3AC26394279004798D0 /* Models */,
				697AB3A926394256004798D0 /* Views */,
				697AB3AA26394260004798D0 /* Controllers */,
				697AB3B326396F71004798D0 /* Services */,
				697AB3A826394244004798D0 /* Resources */,
				697AB3A72639422A004798D0 /* Supports */,
			);
			path = YandexWeatherAPI;
			sourceTree = "<group>";
		};
		697AB3A72639422A004798D0 /* Supports */ = {
			isa = PBXGroup;
			children = (
				697AB39126394179004798D0 /* AppDelegate.swift */,
				697AB39326394179004798D0 /* SceneDelegate.swift */,
				697AB39F2639417F004798D0 /* Info.plist */,
			);
			path = Supports;
			sourceTree = "<group>";
		};
		697AB3A826394244004798D0 /* Resources */ = {
			isa = PBXGroup;
			children = (
				697AB39A2639417F004798D0 /* Assets.xcassets */,
			);
			path = Resources;
			sourceTree = "<group>";
		};
		697AB3A926394256004798D0 /* Views */ = {
			isa = PBXGroup;
			children = (
				693E38C0263BBCB5003B7C96 /* Cells */,
				693E38C1263BBD02003B7C96 /* Storyboards */,
			);
			path = Views;
			sourceTree = "<group>";
		};
		697AB3AA26394260004798D0 /* Controllers */ = {
			isa = PBXGroup;
			children = (
				693E38C7263BC164003B7C96 /* Main */,
				693E38CA263BD3F0003B7C96 /* Detail */,
			);
			path = Controllers;
			sourceTree = "<group>";
		};
		697AB3AC26394279004798D0 /* Models */ = {
			isa = PBXGroup;
			children = (
				697AB3B826396FCC004798D0 /* Coordinates2D.swift */,
				697AB3BB26397005004798D0 /* YandexWeatherData.swift */,
			);
			path = Models;
			sourceTree = "<group>";
		};
		697AB3B326396F71004798D0 /* Services */ = {
			isa = PBXGroup;
			children = (
				693E38CE263BE14B003B7C96 /* Helpers */,
				693E38CD263BE138003B7C96 /* Managers */,
			);
			path = Services;
			sourceTree = "<group>";
		};
		69A8A1A82641248200BD100D /* Hour */ = {
			isa = PBXGroup;
			children = (
				69A8A1AA264124DC00BD100D /* HourCell.swift */,
				69A8A1AC264124EF00BD100D /* HourViewModel.swift */,
			);
			path = Hour;
			sourceTree = "<group>";
		};
		69A8A1A92641248E00BD100D /* DayOfTheWeek */ = {
			isa = PBXGroup;
			children = (
				69A8A1AE2641250600BD100D /* DayOfTheWeekCell.swift */,
				69A8A1B02641251D00BD100D /* DayOfTheWeekViewModel.swift */,
			);
			path = DayOfTheWeek;
			sourceTree = "<group>";
		};
/* End PBXGroup section */

/* Begin PBXNativeTarget section */
		697AB38D26394179004798D0 /* YandexWeatherAPI */ = {
			isa = PBXNativeTarget;
			buildConfigurationList = 697AB3A22639417F004798D0 /* Build configuration list for PBXNativeTarget "YandexWeatherAPI" */;
			buildPhases = (
				697AB38A26394179004798D0 /* Sources */,
				697AB38B26394179004798D0 /* Frameworks */,
				697AB38C26394179004798D0 /* Resources */,
			);
			buildRules = (
			);
			dependencies = (
			);
			name = YandexWeatherAPI;
			productName = YandexWeatherAPI;
			productReference = 697AB38E26394179004798D0 /* YandexWeatherAPI.app */;
			productType = "com.apple.product-type.application";
		};
/* End PBXNativeTarget section */

/* Begin PBXProject section */
		697AB38626394179004798D0 /* Project object */ = {
			isa = PBXProject;
			attributes = {
				LastSwiftUpdateCheck = 1240;
				LastUpgradeCheck = 1240;
				TargetAttributes = {
					697AB38D26394179004798D0 = {
						CreatedOnToolsVersion = 12.4;
					};
				};
			};
			buildConfigurationList = 697AB38926394179004798D0 /* Build configuration list for PBXProject "YandexWeatherAPI" */;
			compatibilityVersion = "Xcode 9.3";
			developmentRegion = en;
			hasScannedForEncodings = 0;
			knownRegions = (
				en,
				Base,
			);
			mainGroup = 697AB38526394179004798D0;
			productRefGroup = 697AB38F26394179004798D0 /* Products */;
			projectDirPath = "";
			projectRoot = "";
			targets = (
				697AB38D26394179004798D0 /* YandexWeatherAPI */,
			);
		};
/* End PBXProject section */

/* Begin PBXResourcesBuildPhase section */
		697AB38C26394179004798D0 /* Resources */ = {
			isa = PBXResourcesBuildPhase;
			buildActionMask = 2147483647;
			files = (
				697AB39E2639417F004798D0 /* LaunchScreen.storyboard in Resources */,
				697AB39B2639417F004798D0 /* Assets.xcassets in Resources */,
				697AB39926394179004798D0 /* Main.storyboard in Resources */,
			);
			runOnlyForDeploymentPostprocessing = 0;
		};
/* End PBXResourcesBuildPhase section */

/* Begin PBXSourcesBuildPhase section */
		697AB38A26394179004798D0 /* Sources */ = {
			isa = PBXSourcesBuildPhase;
			buildActionMask = 2147483647;
			files = (
				697AB3B02639438E004798D0 /* MainTableViewController.swift in Sources */,
				69A8A1B32641281C00BD100D /* DayOfTheWeek.swift in Sources */,
				69A8A1AF2641250600BD100D /* DayOfTheWeekCell.swift in Sources */,
				69A8A1AB264124DC00BD100D /* HourCell.swift in Sources */,
				697AB39626394179004798D0 /* DetailViewController.swift in Sources */,
				693E38C6263BBD95003B7C96 /* CityCellViewModel.swift in Sources */,
				69A8A1B12641251D00BD100D /* DayOfTheWeekViewModel.swift in Sources */,
				693E38C4263BBD7A003B7C96 /* CityCell.swift in Sources */,
				697AB3B526396F92004798D0 /* NetworkManager.swift in Sources */,
				697AB39226394179004798D0 /* AppDelegate.swift in Sources */,
				697AB3BF26397352004798D0 /* LocationManager.swift in Sources */,
				697AB3BC26397005004798D0 /* YandexWeatherData.swift in Sources */,
				697AB39426394179004798D0 /* SceneDelegate.swift in Sources */,
				697AB3C2263974D4004798D0 /* DataManager.swift in Sources */,
				697AB3B926396FCC004798D0 /* Coordinates2D.swift in Sources */,
				69A8A1AD264124EF00BD100D /* HourViewModel.swift in Sources */,
				693E38C9263BC17F003B7C96 /* MainViewModel.swift in Sources */,
				693E38CC263BDE8E003B7C96 /* DetailViewModel.swift in Sources */,
			);
			runOnlyForDeploymentPostprocessing = 0;
		};
/* End PBXSourcesBuildPhase section */

/* Begin PBXVariantGroup section */
		697AB39726394179004798D0 /* Main.storyboard */ = {
			isa = PBXVariantGroup;
			children = (
				697AB39826394179004798D0 /* Base */,
			);
			name = Main.storyboard;
			sourceTree = "<group>";
		};
		697AB39C2639417F004798D0 /* LaunchScreen.storyboard */ = {
			isa = PBXVariantGroup;
			children = (
				697AB39D2639417F004798D0 /* Base */,
			);
			name = LaunchScreen.storyboard;
			sourceTree = "<group>";
		};
/* End PBXVariantGroup section */

/* Begin XCBuildConfiguration section */
		697AB3A02639417F004798D0 /* Debug */ = {
			isa = XCBuildConfiguration;
			buildSettings = {
				ALWAYS_SEARCH_USER_PATHS = NO;
				CLANG_ANALYZER_NONNULL = YES;
				CLANG_ANALYZER_NUMBER_OBJECT_CONVERSION = YES_AGGRESSIVE;
				CLANG_CXX_LANGUAGE_STANDARD = "gnu++14";
				CLANG_CXX_LIBRARY = "libc++";
				CLANG_ENABLE_MODULES = YES;
				CLANG_ENABLE_OBJC_ARC = YES;
				CLANG_ENABLE_OBJC_WEAK = YES;
				CLANG_WARN_BLOCK_CAPTURE_AUTORELEASING = YES;
				CLANG_WARN_BOOL_CONVERSION = YES;
				CLANG_WARN_COMMA = YES;
				CLANG_WARN_CONSTANT_CONVERSION = YES;
				CLANG_WARN_DEPRECATED_OBJC_IMPLEMENTATIONS = YES;
				CLANG_WARN_DIRECT_OBJC_ISA_USAGE = YES_ERROR;
				CLANG_WARN_DOCUMENTATION_COMMENTS = YES;
				CLANG_WARN_EMPTY_BODY = YES;
				CLANG_WARN_ENUM_CONVERSION = YES;
				CLANG_WARN_INFINITE_RECURSION = YES;
				CLANG_WARN_INT_CONVERSION = YES;
				CLANG_WARN_NON_LITERAL_NULL_CONVERSION = YES;
				CLANG_WARN_OBJC_IMPLICIT_RETAIN_SELF = YES;
				CLANG_WARN_OBJC_LITERAL_CONVERSION = YES;
				CLANG_WARN_OBJC_ROOT_CLASS = YES_ERROR;
				CLANG_WARN_QUOTED_INCLUDE_IN_FRAMEWORK_HEADER = YES;
				CLANG_WARN_RANGE_LOOP_ANALYSIS = YES;
				CLANG_WARN_STRICT_PROTOTYPES = YES;
				CLANG_WARN_SUSPICIOUS_MOVE = YES;
				CLANG_WARN_UNGUARDED_AVAILABILITY = YES_AGGRESSIVE;
				CLANG_WARN_UNREACHABLE_CODE = YES;
				CLANG_WARN__DUPLICATE_METHOD_MATCH = YES;
				COPY_PHASE_STRIP = NO;
				DEBUG_INFORMATION_FORMAT = dwarf;
				ENABLE_STRICT_OBJC_MSGSEND = YES;
				ENABLE_TESTABILITY = YES;
				GCC_C_LANGUAGE_STANDARD = gnu11;
				GCC_DYNAMIC_NO_PIC = NO;
				GCC_NO_COMMON_BLOCKS = YES;
				GCC_OPTIMIZATION_LEVEL = 0;
				GCC_PREPROCESSOR_DEFINITIONS = (
					"DEBUG=1",
					"$(inherited)",
				);
				GCC_WARN_64_TO_32_BIT_CONVERSION = YES;
				GCC_WARN_ABOUT_RETURN_TYPE = YES_ERROR;
				GCC_WARN_UNDECLARED_SELECTOR = YES;
				GCC_WARN_UNINITIALIZED_AUTOS = YES_AGGRESSIVE;
				GCC_WARN_UNUSED_FUNCTION = YES;
				GCC_WARN_UNUSED_VARIABLE = YES;
				IPHONEOS_DEPLOYMENT_TARGET = 14.4;
				MTL_ENABLE_DEBUG_INFO = INCLUDE_SOURCE;
				MTL_FAST_MATH = YES;
				ONLY_ACTIVE_ARCH = YES;
				SDKROOT = iphoneos;
				SWIFT_ACTIVE_COMPILATION_CONDITIONS = DEBUG;
				SWIFT_OPTIMIZATION_LEVEL = "-Onone";
			};
			name = Debug;
		};
		697AB3A12639417F004798D0 /* Release */ = {
			isa = XCBuildConfiguration;
			buildSettings = {
				ALWAYS_SEARCH_USER_PATHS = NO;
				CLANG_ANALYZER_NONNULL = YES;
				CLANG_ANALYZER_NUMBER_OBJECT_CONVERSION = YES_AGGRESSIVE;
				CLANG_CXX_LANGUAGE_STANDARD = "gnu++14";
				CLANG_CXX_LIBRARY = "libc++";
				CLANG_ENABLE_MODULES = YES;
				CLANG_ENABLE_OBJC_ARC = YES;
				CLANG_ENABLE_OBJC_WEAK = YES;
				CLANG_WARN_BLOCK_CAPTURE_AUTORELEASING = YES;
				CLANG_WARN_BOOL_CONVERSION = YES;
				CLANG_WARN_COMMA = YES;
				CLANG_WARN_CONSTANT_CONVERSION = YES;
				CLANG_WARN_DEPRECATED_OBJC_IMPLEMENTATIONS = YES;
				CLANG_WARN_DIRECT_OBJC_ISA_USAGE = YES_ERROR;
				CLANG_WARN_DOCUMENTATION_COMMENTS = YES;
				CLANG_WARN_EMPTY_BODY = YES;
				CLANG_WARN_ENUM_CONVERSION = YES;
				CLANG_WARN_INFINITE_RECURSION = YES;
				CLANG_WARN_INT_CONVERSION = YES;
				CLANG_WARN_NON_LITERAL_NULL_CONVERSION = YES;
				CLANG_WARN_OBJC_IMPLICIT_RETAIN_SELF = YES;
				CLANG_WARN_OBJC_LITERAL_CONVERSION = YES;
				CLANG_WARN_OBJC_ROOT_CLASS = YES_ERROR;
				CLANG_WARN_QUOTED_INCLUDE_IN_FRAMEWORK_HEADER = YES;
				CLANG_WARN_RANGE_LOOP_ANALYSIS = YES;
				CLANG_WARN_STRICT_PROTOTYPES = YES;
				CLANG_WARN_SUSPICIOUS_MOVE = YES;
				CLANG_WARN_UNGUARDED_AVAILABILITY = YES_AGGRESSIVE;
				CLANG_WARN_UNREACHABLE_CODE = YES;
				CLANG_WARN__DUPLICATE_METHOD_MATCH = YES;
				COPY_PHASE_STRIP = NO;
				DEBUG_INFORMATION_FORMAT = "dwarf-with-dsym";
				ENABLE_NS_ASSERTIONS = NO;
				ENABLE_STRICT_OBJC_MSGSEND = YES;
				GCC_C_LANGUAGE_STANDARD = gnu11;
				GCC_NO_COMMON_BLOCKS = YES;
				GCC_WARN_64_TO_32_BIT_CONVERSION = YES;
				GCC_WARN_ABOUT_RETURN_TYPE = YES_ERROR;
				GCC_WARN_UNDECLARED_SELECTOR = YES;
				GCC_WARN_UNINITIALIZED_AUTOS = YES_AGGRESSIVE;
				GCC_WARN_UNUSED_FUNCTION = YES;
				GCC_WARN_UNUSED_VARIABLE = YES;
				IPHONEOS_DEPLOYMENT_TARGET = 14.4;
				MTL_ENABLE_DEBUG_INFO = NO;
				MTL_FAST_MATH = YES;
				SDKROOT = iphoneos;
				SWIFT_COMPILATION_MODE = wholemodule;
				SWIFT_OPTIMIZATION_LEVEL = "-O";
				VALIDATE_PRODUCT = YES;
			};
			name = Release;
		};
		697AB3A32639417F004798D0 /* Debug */ = {
			isa = XCBuildConfiguration;
			buildSettings = {
				ASSETCATALOG_COMPILER_APPICON_NAME = AppIcon;
				ASSETCATALOG_COMPILER_GLOBAL_ACCENT_COLOR_NAME = AccentColor;
				CODE_SIGN_STYLE = Automatic;
				DEVELOPMENT_TEAM = XJN9TW8RPS;
				INFOPLIST_FILE = "$(SRCROOT)/YandexWeatherAPI/Supports/Info.plist";
				LD_RUNPATH_SEARCH_PATHS = (
					"$(inherited)",
					"@executable_path/Frameworks",
				);
				PRODUCT_BUNDLE_IDENTIFIER = "Denis-Abramov.YandexWeatherAPI";
				PRODUCT_NAME = "$(TARGET_NAME)";
				SWIFT_VERSION = 5.0;
				TARGETED_DEVICE_FAMILY = "1,2";
			};
			name = Debug;
		};
		697AB3A42639417F004798D0 /* Release */ = {
			isa = XCBuildConfiguration;
			buildSettings = {
				ASSETCATALOG_COMPILER_APPICON_NAME = AppIcon;
				ASSETCATALOG_COMPILER_GLOBAL_ACCENT_COLOR_NAME = AccentColor;
				CODE_SIGN_STYLE = Automatic;
				DEVELOPMENT_TEAM = XJN9TW8RPS;
				INFOPLIST_FILE = "$(SRCROOT)/YandexWeatherAPI/Supports/Info.plist";
				LD_RUNPATH_SEARCH_PATHS = (
					"$(inherited)",
					"@executable_path/Frameworks",
				);
				PRODUCT_BUNDLE_IDENTIFIER = "Denis-Abramov.YandexWeatherAPI";
				PRODUCT_NAME = "$(TARGET_NAME)";
				SWIFT_VERSION = 5.0;
				TARGETED_DEVICE_FAMILY = "1,2";
			};
			name = Release;
		};
/* End XCBuildConfiguration section */

/* Begin XCConfigurationList section */
		697AB38926394179004798D0 /* Build configuration list for PBXProject "YandexWeatherAPI" */ = {
			isa = XCConfigurationList;
			buildConfigurations = (
				697AB3A02639417F004798D0 /* Debug */,
				697AB3A12639417F004798D0 /* Release */,
			);
			defaultConfigurationIsVisible = 0;
			defaultConfigurationName = Release;
		};
		697AB3A22639417F004798D0 /* Build configuration list for PBXNativeTarget "YandexWeatherAPI" */ = {
			isa = XCConfigurationList;
			buildConfigurations = (
				697AB3A32639417F004798D0 /* Debug */,
				697AB3A42639417F004798D0 /* Release */,
			);
			defaultConfigurationIsVisible = 0;
			defaultConfigurationName = Release;
		};
/* End XCConfigurationList section */
	};
	rootObject = 697AB38626394179004798D0 /* Project object */;
}
